
Microsoft Visual Studio Solution File, Format Version 12.00
# Visual Studio 15
VisualStudioVersion = 15.0.28307.168
MinimumVisualStudioVersion = 10.0.40219.1
Project("{FAE04EC0-301F-11D3-BF4B-00C04F79EFBC}") = "myeducationmyfuture", "myeducationmyfuture\myeducationmyfuture.csproj", "{FFF58582-3415-4B87-B45A-7F4CCF46E936}"
EndProject
Global
	GlobalSection(SolutionConfigurationPlatforms) = preSolution
		Debug|Any CPU = Debug|Any CPU
		Release|Any CPU = Release|Any CPU
	EndGlobalSection
	GlobalSection(ProjectConfigurationPlatforms) = postSolution
		{FFF58582-3415-4B87-B45A-7F4CCF46E936}.Debug|Any CPU.ActiveCfg = Debug|Any CPU
		{FFF58582-3415-4B87-B45A-7F4CCF46E936}.Debug|Any CPU.Build.0 = Debug|Any CPU
		{FFF58582-3415-4B87-B45A-7F4CCF46E936}.Release|Any CPU.ActiveCfg = Release|Any CPU
		{FFF58582-3415-4B87-B45A-7F4CCF46E936}.Release|Any CPU.Build.0 = Release|Any CPU
	EndGlobalSection
	GlobalSection(SolutionProperties) = preSolution
		HideSolutionNode = FALSE
	EndGlobalSection
	GlobalSection(ExtensibilityGlobals) = postSolution
		SolutionGuid = {003F2634-9603-474B-8325-06F7982612B4}
	EndGlobalSection
EndGlobal
